{
  "R": {
    "Version": "4.6.1",
    "Repositories": [
      {
        "Name": null,
        "URL": "https://packagemanager.posit.co/cran/2026-08-06"
      }
    ]
  },
  "Packages": {
    "arrow": {
      "Package": "arrow",
      "Version": "25.0.0",
      "Source": "Repository",
      "Priority": null,
      "Depends": [
        "R (>= 4.2)"
      ],
      "Imports": [
        "assertthat",
        "bit64 (>= 0.9-7)",
        "glue",
        "methods",
        "purrr",
        "R6",
        "rlang (>= 1.0.0)",
        "stats",
        "tidyselect (>= 1.0.0)",
        "utils",
        "vctrs"
      ],
      "LinkingTo": [
        "cpp11 (>= 0.4.2)"
      ],
      "Suggests": [
        "blob",
        "curl",
        "cli",
        "DBI",
        "dbplyr",
        "decor",
        "distro",
        "dplyr",
        "duckdb (>= 0.2.8)",
        "hms",
        "jsonlite",
        "knitr",
        "lubridate",
        "pillar",
        "pkgload",
        "reticulate",
        "rmarkdown",
        "stringi",
        "stringr",
        "sys",
        "testthat (>= 3.3.0)",
        "tibble",
        "tzdb",
        "withr"
      ],
      "Enhances": [
        null
      ],
      "License": "Apache License (>= 2.0)",
      "License_is_FOSS": null,
      "License_restricts_use": null,
      "OS_type": null,
      "NeedsCompilation": "yes",
      "Repository": "https://packagemanager.posit.co/cran/2026-08-06",
      "Type": "source"
    },
    "base64enc": {
      "Package": "base64enc",
      "Version": "0.1-6",
      "Source": "Repository",
      "Priority": null,
      "Depends": [
        "R (>= 2.9.0)"
      ],
      "Imports": [
        null
      ],
      "LinkingTo": [
        null
      ],
      "Suggests": [
        null
      ],
      "Enhances": [
        "png"
      ],
      "License": "GPL-2 | GPL-3",
      "License_is_FOSS": null,
      "License_restricts_use": null,
      "OS_type": null,
      "NeedsCompilation": "yes",
      "Repository": "https://packagemanager.posit.co/cran/2026-08-06",
      "Type": "source"
    },
    "campsis": {
      "Package": "campsis",
      "Version": "1.9.0",
      "Source": "GitHub",
      "Type": "Package",
      "Title": "Generic PK/PD Simulation Platform Campsis",
      "Authors@R": "person(\"Nicolas\", \"Luyckx\", , \"nicolas.luyckx@calvagone.com\", role = c(\"aut\", \"cre\"))",
      "Description": "A generic, easy-to-use and intuitive pharmacokinetic/pharmacodynamic (PK/PD) simulation platform based on the R packages 'rxode2' and 'mrgsolve'. Campsis provides an abstraction layer over the underlying processes of defining a PK/PD model, assembling a custom dataset and running a simulation. The package has a strong dependency on the R package 'campsismod', which allows models to be read from and written to files, including through a JSON-based interface, and to be adapted further on the fly in the R environment. In addition, 'campsis' allows users to assemble datasets in an intuitive manner, including via a JSON-based interface to import Campsis datasets defined using formal JSON schemas distributed with the package. Once the dataset is ready, the package prepares the simulation, calls 'rxode2' or 'mrgsolve' (at the user's choice), and returns the results for the given model, dataset and desired simulation settings. The package itself is licensed under the GPL (>= 3); the JSON schema files shipped in inst/extdata are licensed separately under the Creative Commons Attribution 4.0 International (CC BY 4.0).",
      "License": "GPL (>= 3)",
      "URL": "https://github.com/Calvagone/campsis, https://calvagone.github.io/, https://calvagone.github.io/campsis.doc/",
      "BugReports": "https://github.com/Calvagone/campsis/issues",
      "Depends": [
        "campsismod",
        "R (>= 4.1.0)"
      ],
      "Imports": [
        "assertthat",
        "digest",
        "dplyr",
        "furrr",
        "future",
        "ggplot2",
        "jsonlite",
        "jsonvalidate",
        "lifecycle",
        "MASS",
        "methods",
        "progressr",
        "purrr",
        "rlang",
        "stats",
        "tibble",
        "tidyr",
        "vctrs"
      ],
      "Suggests": [
        "bookdown",
        "devtools",
        "gridExtra",
        "knitr",
        "mrgsolve",
        "pkgdown",
        "rmarkdown",
        "roxygen2",
        "rxode2",
        "stringr",
        "testthat",
        "tictoc",
        "vdiffr",
        "xfun"
      ],
      "VignetteBuilder": "knitr",
      "Encoding": "UTF-8",
      "Language": "en-US",
      "LazyData": "true",
      "Collate": "'all_classes.R' 'global.R' 'utilities.R' 'time_utilities.R' 'check.R' 'generic.R' 'data.R' 'seed.R' 'distribution.R' 'dataset_config.R' 'time_vector.R' 'time_entry.R' 'repeated_schedule.R' 'occasion.R' 'occasions.R' 'treatment_iov.R' 'treatment_iovs.R' 'dose_adaptation.R' 'dose_adaptations.R' 'treatment_entry.R' 'treatment.R' 'observations.R' 'observations_set.R' 'covariate.R' 'covariates.R' 'bootstrap.R' 'protocol.R' 'arm.R' 'arms.R' 'event.R' 'events.R' 'simulation_engine.R' 'dataset.R' 'scenario_action.R' 'scenario_actions.R' 'scenario.R' 'scenarios.R' 'event_logic.R' 'dataset_summary.R' 'outfun_core.R' 'outfun.R' 'outfuns.R' 'default_settings.R' 'hardware_settings.R' 'simulation_progress.R' 'solver_settings.R' 'nocb_settings.R' 'declare_settings.R' 'progress_settings.R' 'internal_settings.R' 'simulation_settings.R' 'campsis_metadata.R' 'plan_setup.R' 'json_interface.R' 'simulate_preprocess.R' 'simulate.R' 'default_plot.R' 'campsis_plot_helpers.R' 'spaghetti_plot.R' 'shaded_plot.R' 'scatter_plot.R' 'vpc_plot.R' 'deprecated_methods.R'",
      "Config/roxygen2/version": "8.0.0",
      "RemoteType": "github",
      "RemoteHost": "api.github.com",
      "RemoteUsername": "Calvagone",
      "RemoteRepo": "campsis",
      "RemoteRef": "v1.9.0",
      "RemoteSha": "c141602623ec3664b1ef22969d21cd8dc2c660a5"
    },
    "campsismisc": {
      "Package": "campsismisc",
      "Version": "1.0.0",
      "Source": "GitHub",
      "Type": "Package",
      "Title": "Miscellaneous Utilities for the Campsis Ecosystem",
      "Authors@R": "person(\"Nicolas\", \"Luyckx\", , \"nicolas.luyckx@calvagone.com\", role = c(\"aut\", \"cre\"))",
      "Description": "A collection of utilities extending the 'campsis' ecosystem, with a primary focus on sensitivity analysis and uncertainty visualization in pharmacometric workflows.  The package provides a framework for performing sensitivity analyses by systematically varying model parameters (e.g., increased and decreased values) and evaluating the resulting impact on model-derived outcomes. It also includes functionality to generate forest plots, enabling clear visualization of parameter uncertainty and its influence on key metrics.  These tools integrate seamlessly with 'campsis', 'campsismod' and 'campsisnca', supporting efficient simulation, analysis and interpretation workflows.",
      "License": "GPL (>= 3)",
      "URL": "https://github.com/Calvagone/campsismisc",
      "BugReports": "https://github.com/Calvagone/campsismisc/issues",
      "Depends": [
        "campsismod",
        "R (>= 4.1.0)"
      ],
      "Imports": [
        "assertthat",
        "campsis",
        "campsisnca",
        "dplyr",
        "ggplot2",
        "ggrepel",
        "lifecycle",
        "progressr",
        "purrr",
        "rlang",
        "tibble",
        "tidyr"
      ],
      "Suggests": [
        "devtools",
        "knitr",
        "mrgsolve",
        "pkgdown",
        "rmarkdown",
        "roxygen2",
        "rxode2",
        "testthat",
        "tictoc"
      ],
      "VignetteBuilder": "knitr",
      "Remotes": "Calvagone/campsisnca@main",
      "Encoding": "UTF-8",
      "Language": "en-US",
      "LazyData": "true",
      "Collate": "'check.R' 'utilities.R' 'generic.R' 'labeled_covariate.R' 'labeled_covariates.R' 'labeled_parameters.R' 'oat_analysis_output.R' 'oat_analysis_outputs.R' 'oat_analysis_result.R' 'oat_analysis_results.R' 'oat_analysis.R' 'forest_plot_item.R' 'forest_plot_items.R' 'forest_plot.R' 'sensitivity_analysis_change.R' 'sensitivity_analysis_changes.R' 'sensitivity_analysis_item.R' 'sensitivity_analysis_items.R' 'sensitivity_analysis.R' 'deprecated_methods.R'",
      "Config/roxygen2/version": "8.0.0",
      "RemoteType": "github",
      "RemoteHost": "api.github.com",
      "RemoteUsername": "Calvagone",
      "RemoteRepo": "campsismisc",
      "RemoteRef": "v1.0.0",
      "RemoteSha": "3465b904731e842db761e5425ee7ef6a59e78754"
    },
    "campsismod": {
      "Package": "campsismod",
      "Version": "1.4.0",
      "Source": "GitHub",
      "Type": "Package",
      "Title": "Generic Implementation of a PK/PD Model",
      "Authors@R": "person(\"Nicolas\", \"Luyckx\", , \"nicolas.luyckx@calvagone.com\", role = c(\"aut\", \"cre\"))",
      "Description": "A generic, easy-to-use and expandable implementation of a pharmacokinetic (PK) / pharmacodynamic (PD) model based on the S4 class system. This package allows the user to read and write pharmacometric models from and to files, including a JSON-based interface to import Campsis models defined using a formal JSON schema distributed with the package. Models can be adapted further on the fly in the R environment using an intuitive API to add, modify or delete equations, ordinary differential equations (ODEs), model parameters or compartment properties (such as infusion duration or rate, bioavailability and initial values). The package also provides export facilities for use with the simulation packages 'rxode2' and 'mrgsolve'. The package itself is licensed under the GPL (>= 3); the JSON schema file shipped in inst/extdata is licensed separately under the Creative Commons Attribution 4.0 International (CC BY 4.0).  This package is designed and intended to be used with the package 'campsis', a PK/PD simulation platform built on top of 'rxode2' and 'mrgsolve'.",
      "License": "GPL (>= 3)",
      "URL": "https://github.com/Calvagone/campsismod, https://calvagone.github.io/, https://calvagone.github.io/campsismod.doc/",
      "BugReports": "https://github.com/Calvagone/campsismod/issues",
      "Depends": [
        "R (>= 4.0.0)"
      ],
      "Imports": [
        "assertthat",
        "dplyr",
        "ggplot2",
        "jsonlite",
        "jsonvalidate",
        "LaplacesDemon",
        "lifecycle",
        "magrittr",
        "MASS",
        "methods",
        "purrr",
        "readr",
        "rlang",
        "tibble",
        "tidyr",
        "utils"
      ],
      "Suggests": [
        "devtools",
        "knitr",
        "pkgdown",
        "rmarkdown",
        "roxygen2",
        "testthat",
        "xfun"
      ],
      "VignetteBuilder": "knitr",
      "Encoding": "UTF-8",
      "Language": "en-US",
      "LazyData": "true",
      "Collate": "'global.R' 'data.R' 'utilities.R' 'special_operators.R' 'check.R' 'json_element.R' 'generic.R' 'generic_element_list.R' 'generic_element_position.R' 'generic_list.R' 'pattern.R' 'model_statement.R' 'model_statements.R' 'model_unknown_statement.R' 'model_comment.R' 'model_line_break.R' 'model_equation.R' 'model_ode.R' 'model_if_statement.R' 'compartment.R' 'compartment_property.R' 'compartment_properties.R' 'compartment_bioavailability.R' 'compartment_lag_time.R' 'compartment_infusion_duration.R' 'compartment_infusion_rate.R' 'compartment_initial_condition.R' 'compartments.R' 'parameter.R' 'parameters.R' 'code_record.R' 'code_records.R' 'model_parser.R' 'campsis_model.R' 'omega_block.R' 'omega_blocks.R' 'parameter_uncertainty_utils.R' 'replication_settings.R' 'replicated_campsis_model.R' 'model_add_suffix.R' 'rxode_model.R' 'rxode_conversion.R' 'mrgsolve_model.R' 'mrgsolve_conversion.R' 'json_interface.R' 'deprecated_methods.R'",
      "Config/roxygen2/version": "8.0.0",
      "RemoteType": "github",
      "RemoteHost": "api.github.com",
      "RemoteUsername": "Calvagone",
      "RemoteRepo": "campsismod",
      "RemoteRef": "v1.4.0",
      "RemoteSha": "6fcba6d3bba710c4efc4fac33fc5681ae51b04b0"
    },
    "campsisnca": {
      "Package": "campsisnca",
      "Version": "1.7.0",
      "Source": "GitHub",
      "Type": "Package",
      "Title": "Non-Compartmental Analysis for Campsis Simulation Platform",
      "Authors@R": "person(\"Nicolas\", \"Luyckx\", , \"nicolas.luyckx@calvagone.com\", role = c(\"aut\", \"cre\"))",
      "Description": "A flexible and user-friendly non-compartmental analysis (NCA) toolkit designed to work seamlessly with simulated pharmacokinetic data generated using the 'campsis' ecosystem. The package provides a comprehensive framework to compute standard and custom NCA metrics, including exposure (AUC), peak/trough concentrations, half-life and time-above/below thresholds, with support for configurable time windows and summary statistics. 'campsisnca' integrates tightly with 'campsis' and 'campsismod', enabling streamlined workflows from simulation to analysis. In addition, the package provides a JSON-based interface to define NCA analyses, metrics and options using formal schemas, allowing analyses to be created, validated and executed outside of R and facilitating reproducibility, automation and system integration. The package also includes utilities for generating formatted summary tables and exporting results in multiple formats suitable for reporting. The package itself is licensed under the GPL (>= 3); the JSON schema files shipped in inst/extdata are licensed separately under the Creative Commons Attribution 4.0 International (CC BY 4.0).",
      "License": "GPL (>= 3)",
      "URL": "https://github.com/Calvagone/campsisnca",
      "BugReports": "https://github.com/Calvagone/campsisnca/issues",
      "Depends": [
        "campsismod",
        "R (>= 4.0.0)"
      ],
      "Imports": [
        "assertthat",
        "campsis",
        "cards",
        "dplyr",
        "glue",
        "gt",
        "gtsummary",
        "jsonlite",
        "jsonvalidate",
        "lifecycle",
        "magrittr",
        "methods",
        "purrr",
        "rlang",
        "stringr",
        "tibble",
        "tidyr"
      ],
      "Suggests": [
        "devtools",
        "ggplot2",
        "mrgsolve",
        "pkgdown",
        "rmarkdown",
        "roxygen2",
        "rxode2",
        "testthat"
      ],
      "Remotes": "Calvagone/campsis",
      "Config/roxygen2/version": "8.0.0",
      "Encoding": "UTF-8",
      "Language": "en-US",
      "LazyData": "true",
      "Collate": "'all_classes.R' 'test_data.R' 'check.R' 'utilities.R' 'special_operators.R' 'consistency_checks.R' 'stat_formula.R' 'export_type.R' 'generic.R' 'stat_utils.R' 'export_utils.R' 'nca_options.R' 'nca_time_window.R' 'nca_metric_utils.R' 'gtsummary_utils.R' 'filter_utils.R' 'rounding_utils.R' 'theoretical_metrics.R' 'nca_metric.R' 'nca_metrics.R' 'auc_trap_rule.R' 'auc.R' 'cmax.R' 'tmax.R' 'cmin.R' 'tmin.R' 'cat.R' 'ctrough.R' 'cavg.R' 'thalf.R' 'theoretical_thalf.R' 'time_above_below.R' 'change_from_baseline.R' 'custom_metric.R' 'nca_analysis.R' 'nca_analyses.R' 'nca_table.R' 'replicated_nca_table.R' 'json_interface.R' 'deprecated_methods.R'",
      "RemoteType": "github",
      "RemoteHost": "api.github.com",
      "RemoteUsername": "Calvagone",
      "RemoteRepo": "campsisnca",
      "RemoteRef": "v1.7.0",
      "RemoteSha": "343ae147f594c5ac99d7b0581c209ad701e9e918"
    },
    "campsisqual": {
      "Package": "campsisqual",
      "Version": "1.5.0",
      "Source": "GitHub",
      "Type": "Package",
      "Title": "Campsis Qualification Package",
      "Authors@R": "person(\"Nicolas\", \"Luyckx\", , \"nicolas.luyckx@calvagone.com\", role = c(\"aut\", \"cre\"))",
      "Description": "This package allows to run the qualification of the Campsis suite and to issue a PDF report. In addition, it also allows to qualify the implementation of a Campsis model against NONMEM, provided you have the 'campsistrans' package.",
      "License": "GPL (>= 3)",
      "URL": "https://github.com/Calvagone/campsisqual",
      "BugReports": "https://github.com/Calvagone/campsisqual/issues",
      "Depends": [
        "campsismod",
        "R (>= 4.1.0)"
      ],
      "Imports": [
        "assertthat",
        "campsis",
        "doSNOW",
        "dplyr",
        "foreach",
        "ggplot2",
        "jsonlite",
        "kableExtra",
        "lifecycle",
        "magrittr",
        "openssl",
        "parallel",
        "pbmcapply",
        "PKI",
        "purrr",
        "riskmetric",
        "rlang",
        "rmarkdown",
        "testthat",
        "tibble",
        "tictoc",
        "tidyr",
        "tinytex",
        "zip"
      ],
      "Suggests": [
        "bookdown",
        "devtools",
        "knitr",
        "mrgsolve",
        "pkgdown",
        "roxygen2",
        "rxode2",
        "stringr"
      ],
      "VignetteBuilder": "knitr",
      "Remotes": "Calvagone/campsisnca@main",
      "Config/roxygen2/version": "8.0.0",
      "Encoding": "UTF-8",
      "Language": "en-US",
      "LazyData": "true",
      "Collate": "'data.R' 'special_operators.R' 'tinytex.R' 'qualification_suite_credentials.R' 'qualification_suite.R' 'dataset.R' 'installation_qualification.R' 'nonmem_results_parser.R' 'pki.R' 'qualification_summary.R' 'qualification_core.R' 'qualify.R' 'risk_metrics.R' 'deprecated_methods.R'",
      "RemoteType": "github",
      "RemoteHost": "api.github.com",
      "RemoteUsername": "Calvagone",
      "RemoteRepo": "campsisqual",
      "RemoteRef": "v1.5.0",
      "RemoteSha": "32bb7b1b0acb128ff6af0ac9b9ec24e9e9b77a69"
    },
    "campsistrans": {
      "Package": "campsistrans",
      "Version": "1.5.0",
      "Source": "GitHub",
      "Type": "Package",
      "Title": "Campsis Transformation Package (NONMEM/Monolix/rxode2 -> Campsis)",
      "Authors@R": "person(\"Nicolas\", \"Luyckx\", , \"nicolas.luyckx@calvagone.com\", role = c(\"aut\", \"cre\"))",
      "Description": "Imports pharmacometric models from various sources (NONMEM/Monolix/rxode2) into Campsis.",
      "License": "GPL (>= 3)",
      "URL": "https://github.com/Calvagone/campsistrans",
      "BugReports": "https://github.com/Calvagone/campsistrans/issues",
      "Depends": [
        "campsismod",
        "R (>= 4.0.0)"
      ],
      "Imports": [
        "assertthat",
        "callr",
        "config",
        "digest",
        "dplyr",
        "magrittr",
        "methods",
        "monolix2rx",
        "nonmem2rx",
        "purrr",
        "reticulate",
        "rly",
        "tibble",
        "utils"
      ],
      "Suggests": [
        "bookdown",
        "campsis",
        "campsisqual",
        "devtools",
        "ggplot2",
        "knitr",
        "mrgsolve",
        "pkgdown",
        "rmarkdown",
        "roxygen2",
        "rxode2",
        "stringr",
        "testthat",
        "units"
      ],
      "VignetteBuilder": "knitr",
      "Remotes": "Calvagone/campsisqual@master",
      "Config/roxygen2/version": "8.0.0",
      "Encoding": "UTF-8",
      "Language": "en-US",
      "LazyData": "true",
      "Collate": "'check.R' 'global.R' 'special_operators.R' 'requirements.R' 'pharmpy_config.R' 'data.R' 'model_library.R' 'utilities.R' 'caret_to_pow.R' 'auto_extract_parameters.R' 'nonmem_table_parser.R' 'nonmem_block.R' 'nonmem_dataset_parser.R' 'nonmem_predictions_parser.R' 'nonmem_qualification_prep.R' 'nonmem_domain.R' 'substitute_duplicates.R' 'campsistrans.R' 'symbol_conversion.R' 'model_conversion.R' 'parameters_conversion.R' 'varcov_conversion.R' 'auto_mapping.R' 'model_extended_if_statement.R' 'complex_if_statement.R' 'error_model_rxode2.R' 'error_model_rxode2_parser.R' 'rxode2_parser.R' 'rxode2_varcov_conversion.R' 'import_from_rxode2.R' 'import_from_monolix.R' 'import_from_nonmem.R'",
      "RemoteType": "github",
      "RemoteHost": "api.github.com",
      "RemoteUsername": "Calvagone",
      "RemoteRepo": "campsistrans",
      "RemoteRef": "develop",
      "RemoteSha": "4ce2673ddbe1e7167be2c7d89bc4aa0a77eb2c81"
    },
    "cowplot": {
      "Package": "cowplot",
      "Version": "1.2.0",
      "Source": "Repository",
      "Priority": null,
      "Depends": [
        "R (>= 3.5.0)"
      ],
      "Imports": [
        "ggplot2 (>= 3.5.2)",
        "grid",
        "gtable",
        "grDevices",
        "methods",
        "rlang",
        "scales"
      ],
      "LinkingTo": [
        null
      ],
      "Suggests": [
        "Cairo",
        "covr",
        "dplyr",
        "forcats",
        "gridGraphics (>= 0.4-0)",
        "knitr",
        "lattice",
        "magick",
        "maps",
        "PASWR",
        "patchwork",
        "rmarkdown",
        "ragg",
        "testthat (>= 1.0.0)",
        "tidyr",
        "vdiffr (>= 0.3.0)",
        "VennDiagram"
      ],
      "Enhances": [
        null
      ],
      "License": "GPL-2",
      "License_is_FOSS": null,
      "License_restricts_use": null,
      "OS_type": null,
      "NeedsCompilation": "no",
      "Repository": "https://packagemanager.posit.co/cran/2026-08-06",
      "Type": "source"
    },
    "mrgsolve": {
      "Package": "mrgsolve",
      "Version": "2.0.1",
      "Source": "Repository",
      "Priority": null,
      "Depends": [
        "R (>= 4.1.0)",
        "methods"
      ],
      "Imports": [
        "Rcpp (>= 1.0.7)",
        "dplyr (>= 1.0.8)",
        "magrittr (>= 2.0.1)",
        "tibble (>= 3.1.6)",
        "rlang (>= 1.0.1)",
        "tidyselect (>= 1.1.1)",
        "lifecycle",
        "glue"
      ],
      "LinkingTo": [
        "Rcpp (>= 1.0.7)",
        "RcppArmadillo (>= 0.10.7.3.0)",
        "BH (>= 1.75.0-0)"
      ],
      "Suggests": [
        "rstudioapi",
        "lattice",
        "testthat",
        "xml2 (>= 1.3.2)",
        "rmarkdown",
        "yaml",
        "knitr",
        "data.table (>= 1.14.2)",
        "pmxTools"
      ],
      "Enhances": [
        null
      ],
      "License": "GPL (>= 2)",
      "License_is_FOSS": null,
      "License_restricts_use": null,
      "OS_type": null,
      "NeedsCompilation": "yes",
      "Repository": "https://packagemanager.posit.co/cran/2026-08-06",
      "Type": "source"
    },
    "plumber": {
      "Package": "plumber",
      "Version": "1.3.3",
      "Source": "Repository",
      "Priority": null,
      "Depends": [
        "R (>= 3.0.0)"
      ],
      "Imports": [
        "crayon",
        "httpuv (>= 1.5.5)",
        "jsonlite (>= 0.9.16)",
        "lifecycle (>= 1.0.0)",
        "magrittr",
        "mime",
        "promises (>= 1.1.0)",
        "R6 (>= 2.0.0)",
        "rlang (>= 1.0.0)",
        "sodium",
        "stringi (>= 0.3.0)",
        "swagger (>= 3.33.0)",
        "webutils (>= 1.1)"
      ],
      "LinkingTo": [
        null
      ],
      "Suggests": [
        "arrow",
        "base64enc",
        "coro",
        "future",
        "geojsonsf",
        "htmlwidgets",
        "later",
        "ragg",
        "rapidoc",
        "readr",
        "readxl",
        "redoc",
        "rmarkdown",
        "rstudioapi",
        "sf",
        "spelling",
        "svglite",
        "testthat (>= 0.11.0)",
        "utils",
        "visNetwork",
        "withr",
        "writexl",
        "yaml"
      ],
      "Enhances": [
        null
      ],
      "License": "MIT + file LICENSE",
      "License_is_FOSS": null,
      "License_restricts_use": null,
      "OS_type": null,
      "NeedsCompilation": "no",
      "Repository": "https://packagemanager.posit.co/cran/2026-08-06",
      "Type": "source"
    },
    "ragg": {
      "Package": "ragg",
      "Version": "1.5.2",
      "Source": "Repository",
      "Priority": null,
      "Depends": [
        null
      ],
      "Imports": [
        "systemfonts (>= 1.0.3)",
        "textshaping (>= 0.3.0)"
      ],
      "LinkingTo": [
        "systemfonts",
        "textshaping"
      ],
      "Suggests": [
        "covr",
        "graphics",
        "grid",
        "testthat (>= 3.0.0)"
      ],
      "Enhances": [
        null
      ],
      "License": "MIT + file LICENSE",
      "License_is_FOSS": null,
      "License_restricts_use": null,
      "OS_type": null,
      "NeedsCompilation": "yes",
      "Repository": "https://packagemanager.posit.co/cran/2026-08-06",
      "Type": "source"
    },
    "renv": {
      "Package": "renv",
      "Version": "1.2.3",
      "Source": "Repository",
      "Type": "Package",
      "Title": "Project Environments",
      "Authors@R": "c( person(\"Kevin\", \"Ushey\", role = c(\"aut\", \"cre\"), email = \"kevin@rstudio.com\", comment = c(ORCID = \"0000-0003-2880-7407\")), person(\"Hadley\", \"Wickham\", role = c(\"aut\"), email = \"hadley@rstudio.com\", comment = c(ORCID = \"0000-0003-4757-117X\")), person(\"Posit Software, PBC\", role = c(\"cph\", \"fnd\")) )",
      "Description": "A dependency management toolkit for R. Using 'renv', you can create and manage project-local R libraries, save the state of these libraries to a 'lockfile', and later restore your library as required. Together, these tools can help make your projects more isolated, portable, and reproducible.",
      "License": "MIT + file LICENSE",
      "URL": "https://rstudio.github.io/renv/, https://github.com/rstudio/renv",
      "BugReports": "https://github.com/rstudio/renv/issues",
      "Imports": [
        "utils"
      ],
      "Suggests": [
        "BiocManager",
        "cli",
        "compiler",
        "covr",
        "cpp11",
        "curl",
        "devtools",
        "generics",
        "gitcreds",
        "jsonlite",
        "jsonvalidate",
        "knitr",
        "miniUI",
        "modules",
        "packrat",
        "pak",
        "R6",
        "remotes",
        "reticulate",
        "rmarkdown",
        "rstudioapi",
        "shiny",
        "testthat",
        "uuid",
        "waldo",
        "yaml",
        "webfakes"
      ],
      "Encoding": "UTF-8",
      "RoxygenNote": "7.3.3",
      "VignetteBuilder": "knitr",
      "Config/Needs/website": "tidyverse/tidytemplate",
      "Config/testthat/edition": "3",
      "Config/testthat/parallel": "true",
      "Config/testthat/start-first": "bioconductor,python,install,restore,snapshot,retrieve,remotes",
      "NeedsCompilation": "no",
      "Author": "Kevin Ushey [aut, cre] (ORCID: <https://orcid.org/0000-0003-2880-7407>), Hadley Wickham [aut] (ORCID: <https://orcid.org/0000-0003-4757-117X>), Posit Software, PBC [cph, fnd]",
      "Maintainer": "Kevin Ushey <kevin@rstudio.com>",
      "Repository": "CRAN"
    },
    "rxode2": {
      "Package": "rxode2",
      "Version": "5.1.6",
      "Source": "Repository",
      "Priority": null,
      "Depends": [
        "R (>= 4.1.0)"
      ],
      "Imports": [
        "PreciseSums (>= 0.7)",
        "Rcpp (>= 0.12.3)",
        "RcppParallel",
        "backports",
        "cli (>= 2.0.0)",
        "checkmate",
        "ggplot2 (>= 3.4.0)",
        "inline",
        "lotri (>= 1.0.4)",
        "memoise",
        "methods",
        "mirai",
        "rex",
        "sys",
        "tools",
        "utils",
        "dparser (>= 1.3.1-12)",
        "qs2",
        "rxode2ll",
        "data.table (>= 1.12.4)",
        "vctrs",
        "stats"
      ],
      "LinkingTo": [
        "sitmo",
        "lotri (>= 1.0.0)",
        "PreciseSums (>= 0.7)",
        "Rcpp",
        "RcppArmadillo (>= 0.9.300.2.0)",
        "BH",
        "RcppParallel",
        "RcppEigen (>= 0.3.3.9.2)",
        "dparser (>= 1.3.1-12)",
        "StanHeaders (>= 2.21.0.7)"
      ],
      "Suggests": [
        "Matrix",
        "DT",
        "covr",
        "crayon",
        "curl",
        "digest",
        "dplyr (>= 0.8.0)",
        "ggrepel",
        "gridExtra",
        "htmltools",
        "knitr",
        "learnr",
        "microbenchmark",
        "nlme",
        "remotes",
        "rlang",
        "rmarkdown",
        "scales",
        "shiny",
        "stringi",
        "symengine",
        "testthat",
        "tidyr",
        "usethis",
        "withr",
        "xgxr (>= 1.1.6)",
        "pillar",
        "tibble",
        "units (>= 0.6-0)",
        "rsconnect",
        "devtools",
        "patchwork",
        "nlmixr2data",
        "lifecycle",
        "kableExtra",
        "pmxTools",
        "rootSolve",
        "arrow",
        "fst",
        "duckdb",
        "DBI"
      ],
      "Enhances": [
        null
      ],
      "License": "GPL (>= 3)",
      "License_is_FOSS": null,
      "License_restricts_use": null,
      "OS_type": null,
      "NeedsCompilation": "yes",
      "Repository": "https://packagemanager.posit.co/cran/2026-08-06",
      "Type": "source"
    },
    "webshot2": {
      "Package": "webshot2",
      "Version": "0.1.2",
      "Source": "Repository",
      "Priority": null,
      "Depends": [
        "R (>= 3.2)"
      ],
      "Imports": [
        "callr",
        "chromote (>= 0.1.0)",
        "later",
        "magrittr",
        "promises"
      ],
      "LinkingTo": [
        null
      ],
      "Suggests": [
        "httpuv",
        "rmarkdown",
        "shiny"
      ],
      "Enhances": [
        null
      ],
      "License": "MIT + file LICENSE",
      "License_is_FOSS": null,
      "License_restricts_use": null,
      "OS_type": null,
      "NeedsCompilation": "no",
      "Repository": "https://packagemanager.posit.co/cran/2026-08-06",
      "Type": "source"
    },
    "xgxr": {
      "Package": "xgxr",
      "Version": "1.1.6",
      "Source": "Repository",
      "Priority": null,
      "Depends": [
        "R (>= 3.5.0)"
      ],
      "Imports": [
        "assertthat",
        "binom",
        "Deriv",
        "DescTools",
        "dplyr",
        "ggplot2 (>= 3.3.0)",
        "glue",
        "graphics",
        "grDevices",
        "gtable",
        "Hmisc",
        "labeling",
        "magrittr",
        "minpack.lm",
        "pander",
        "png",
        "RCurl",
        "readr",
        "scales",
        "stats",
        "stringr",
        "tibble",
        "utils",
        "vctrs"
      ],
      "LinkingTo": [
        null
      ],
      "Suggests": [
        "caTools",
        "gridExtra",
        "knitr",
        "pkgdown",
        "rmarkdown",
        "testthat",
        "tidyr"
      ],
      "Enhances": [
        null
      ],
      "License": "MIT + file LICENSE",
      "License_is_FOSS": null,
      "License_restricts_use": null,
      "OS_type": null,
      "NeedsCompilation": "no",
      "Repository": "https://packagemanager.posit.co/cran/2026-08-06",
      "Type": "source"
    }
  }
}
